// !$*UTF8*$!
{
	archiveVersion = 1;
	classes = {
	};
	objectVersion = 46;
	objects = {

/* Begin PBXBuildFile section */
		04B51C3C1B0CDAAC0050BD2C /* main.m in Sources */ = {isa = PBXBuildFile; fileRef = 04B51C3B1B0CDAAC0050BD2C /* main.m */; };
		04B51C3F1B0CDAAC0050BD2C /* AppDelegate.m in Sources */ = {isa = PBXBuildFile; fileRef = 04B51C3E1B0CDAAC0050BD2C /* AppDelegate.m */; };
		04B51C421B0CDAAC0050BD2C /* EscapeIt.xcdatamodeld in Sources */ = {isa = PBXBuildFile; fileRef = 04B51C401B0CDAAC0050BD2C /* EscapeIt.xcdatamodeld */; };
		04B51C451B0CDAAC0050BD2C /* SJIndexViewController.m in Sources */ = {isa = PBXBuildFile; fileRef = 04B51C441B0CDAAC0050BD2C /* SJIndexViewController.m */; };
		04B51C4A1B0CDAAC0050BD2C /* Images.xcassets in Resources */ = {isa = PBXBuildFile; fileRef = 04B51C491B0CDAAC0050BD2C /* Images.xcassets */; };
		04B51C4D1B0CDAAC0050BD2C /* LaunchScreen.xib in Resources */ = {isa = PBXBuildFile; fileRef = 04B51C4B1B0CDAAC0050BD2C /* LaunchScreen.xib */; };
		04B51C591B0CDAAC0050BD2C /* EscapeItTests.m in Sources */ = {isa = PBXBuildFile; fileRef = 04B51C581B0CDAAC0050BD2C /* EscapeItTests.m */; };
		04B51CFB1B0CDDAA0050BD2C /* NSArray+SJArray.m in Sources */ = {isa = PBXBuildFile; fileRef = 04B51CD71B0CDDAA0050BD2C /* NSArray+SJArray.m */; };
		04B51CFC1B0CDDAA0050BD2C /* NSDictionary+SJDictionary.m in Sources */ = {isa = PBXBuildFile; fileRef = 04B51CD91B0CDDAA0050BD2C /* NSDictionary+SJDictionary.m */; };
		04B51CFD1B0CDDAA0050BD2C /* NSFileManager+SJFileManager.m in Sources */ = {isa = PBXBuildFile; fileRef = 04B51CDB1B0CDDAA0050BD2C /* NSFileManager+SJFileManager.m */; };
		04B51CFE1B0CDDAA0050BD2C /* NSString+SJString.m in Sources */ = {isa = PBXBuildFile; fileRef = 04B51CDD1B0CDDAA0050BD2C /* NSString+SJString.m */; };
		04B51CFF1B0CDDAA0050BD2C /* SJBaseViewController.m in Sources */ = {isa = PBXBuildFile; fileRef = 04B51CDF1B0CDDAA0050BD2C /* SJBaseViewController.m */; };
		04B51D001B0CDDAA0050BD2C /* SJCell.m in Sources */ = {isa = PBXBuildFile; fileRef = 04B51CE11B0CDDAA0050BD2C /* SJCell.m */; };
		04B51D011B0CDDAA0050BD2C /* SJFunction.m in Sources */ = {isa = PBXBuildFile; fileRef = 04B51CE41B0CDDAA0050BD2C /* SJFunction.m */; };
		04B51D021B0CDDAA0050BD2C /* SJImageLabel.m in Sources */ = {isa = PBXBuildFile; fileRef = 04B51CE61B0CDDAA0050BD2C /* SJImageLabel.m */; };
		04B51D031B0CDDAA0050BD2C /* SJRegex.m in Sources */ = {isa = PBXBuildFile; fileRef = 04B51CE81B0CDDAA0050BD2C /* SJRegex.m */; };
		04B51D041B0CDDAA0050BD2C /* SJTextField.m in Sources */ = {isa = PBXBuildFile; fileRef = 04B51CEA1B0CDDAA0050BD2C /* SJTextField.m */; };
		04B51D051B0CDDAA0050BD2C /* UIButton+SJButton.m in Sources */ = {isa = PBXBuildFile; fileRef = 04B51CEC1B0CDDAA0050BD2C /* UIButton+SJButton.m */; };
		04B51D061B0CDDAA0050BD2C /* UIColor+SJColor.m in Sources */ = {isa = PBXBuildFile; fileRef = 04B51CEE1B0CDDAA0050BD2C /* UIColor+SJColor.m */; };
		04B51D071B0CDDAA0050BD2C /* UILabel+SJLabel.m in Sources */ = {isa = PBXBuildFile; fileRef = 04B51CF01B0CDDAA0050BD2C /* UILabel+SJLabel.m */; };
		04B51D081B0CDDAA0050BD2C /* UITableView+SJTableView.m in Sources */ = {isa = PBXBuildFile; fileRef = 04B51CF21B0CDDAA0050BD2C /* UITableView+SJTableView.m */; };
		04B51D091B0CDDAA0050BD2C /* UITextField+SJTextField.m in Sources */ = {isa = PBXBuildFile; fileRef = 04B51CF41B0CDDAA0050BD2C /* UITextField+SJTextField.m */; };
		04B51D0A1B0CDDAA0050BD2C /* UITextView+SJTextView.m in Sources */ = {isa = PBXBuildFile; fileRef = 04B51CF61B0CDDAA0050BD2C /* UITextView+SJTextView.m */; };
		04B51D0B1B0CDDAA0050BD2C /* UIView+SJView.m in Sources */ = {isa = PBXBuildFile; fileRef = 04B51CF81B0CDDAA0050BD2C /* UIView+SJView.m */; };
		04B51D0C1B0CDDAA0050BD2C /* UIViewController+SJViewController.m in Sources */ = {isa = PBXBuildFile; fileRef = 04B51CFA1B0CDDAA0050BD2C /* UIViewController+SJViewController.m */; };
		04B51D101B0CDF660050BD2C /* SJIndexView.m in Sources */ = {isa = PBXBuildFile; fileRef = 04B51D0F1B0CDF660050BD2C /* SJIndexView.m */; };
		04B51D131B0CE1990050BD2C /* SJGameViewController.m in Sources */ = {isa = PBXBuildFile; fileRef = 04B51D121B0CE1990050BD2C /* SJGameViewController.m */; };
		04B51D161B0CE1AC0050BD2C /* SJGameView.m in Sources */ = {isa = PBXBuildFile; fileRef = 04B51D151B0CE1AC0050BD2C /* SJGameView.m */; };
/* End PBXBuildFile section */

/* Begin PBXContainerItemProxy section */
		04B51C531B0CDAAC0050BD2C /* PBXContainerItemProxy */ = {
			isa = PBXContainerItemProxy;
			containerPortal = 04B51C2E1B0CDAAC0050BD2C /* Project object */;
			proxyType = 1;
			remoteGlobalIDString = 04B51C351B0CDAAC0050BD2C;
			remoteInfo = EscapeIt;
		};
/* End PBXContainerItemProxy section */

/* Begin PBXFileReference section */
		04B51C361B0CDAAC0050BD2C /* EscapeIt.app */ = {isa = PBXFileReference; explicitFileType = wrapper.application; includeInIndex = 0; path = EscapeIt.app; sourceTree = BUILT_PRODUCTS_DIR; };
		04B51C3A1B0CDAAC0050BD2C /* Info.plist */ = {isa = PBXFileReference; lastKnownFileType = text.plist.xml; path = Info.plist; sourceTree = "<group>"; };
		04B51C3B1B0CDAAC0050BD2C /* main.m */ = {isa = PBXFileReference; lastKnownFileType = sourcecode.c.objc; path = main.m; sourceTree = "<group>"; };
		04B51C3D1B0CDAAC0050BD2C /* AppDelegate.h */ = {isa = PBXFileReference; lastKnownFileType = sourcecode.c.h; path = AppDelegate.h; sourceTree = "<group>"; };
		04B51C3E1B0CDAAC0050BD2C /* AppDelegate.m */ = {isa = PBXFileReference; lastKnownFileType = sourcecode.c.objc; path = AppDelegate.m; sourceTree = "<group>"; };
		04B51C411B0CDAAC0050BD2C /* EscapeIt.xcdatamodel */ = {isa = PBXFileReference; lastKnownFileType = wrapper.xcdatamodel; path = EscapeIt.xcdatamodel; sourceTree = "<group>"; };
		04B51C431B0CDAAC0050BD2C /* SJIndexViewController.h */ = {isa = PBXFileReference; lastKnownFileType = sourcecode.c.h; path = SJIndexViewController.h; sourceTree = "<group>"; };
		04B51C441B0CDAAC0050BD2C /* SJIndexViewController.m */ = {isa = PBXFileReference; lastKnownFileType = sourcecode.c.objc; path = SJIndexViewController.m; sourceTree = "<group>"; };
		04B51C491B0CDAAC0050BD2C /* Images.xcassets */ = {isa = PBXFileReference; lastKnownFileType = folder.assetcatalog; path = Images.xcassets; sourceTree = "<group>"; };
		04B51C4C1B0CDAAC0050BD2C /* Base */ = {isa = PBXFileReference; lastKnownFileType = file.xib; name = Base; path = Base.lproj/LaunchScreen.xib; sourceTree = "<group>"; };
		04B51C521B0CDAAC0050BD2C /* EscapeItTests.xctest */ = {isa = PBXFileReference; explicitFileType = wrapper.cfbundle; includeInIndex = 0; path = EscapeItTests.xctest; sourceTree = BUILT_PRODUCTS_DIR; };
		04B51C571B0CDAAC0050BD2C /* Info.plist */ = {isa = PBXFileReference; lastKnownFileType = text.plist.xml; path = Info.plist; sourceTree = "<group>"; };
		04B51C581B0CDAAC0050BD2C /* EscapeItTests.m */ = {isa = PBXFileReference; lastKnownFileType = sourcecode.c.objc; path = EscapeItTests.m; sourceTree = "<group>"; };
		04B51CD51B0CDDAA0050BD2C /* config.h */ = {isa = PBXFileReference; fileEncoding = 4; lastKnownFileType = sourcecode.c.h; path = config.h; sourceTree = "<group>"; };
		04B51CD61B0CDDAA0050BD2C /* NSArray+SJArray.h */ = {isa = PBXFileReference; fileEncoding = 4; lastKnownFileType = sourcecode.c.h; path = "NSArray+SJArray.h"; sourceTree = "<group>"; };
		04B51CD71B0CDDAA0050BD2C /* NSArray+SJArray.m */ = {isa = PBXFileReference; fileEncoding = 4; lastKnownFileType = sourcecode.c.objc; path = "NSArray+SJArray.m"; sourceTree = "<group>"; };
		04B51CD81B0CDDAA0050BD2C /* NSDictionary+SJDictionary.h */ = {isa = PBXFileReference; fileEncoding = 4; lastKnownFileType = sourcecode.c.h; path = "NSDictionary+SJDictionary.h"; sourceTree = "<group>"; };
		04B51CD91B0CDDAA0050BD2C /* NSDictionary+SJDictionary.m */ = {isa = PBXFileReference; fileEncoding = 4; lastKnownFileType = sourcecode.c.objc; path = "NSDictionary+SJDictionary.m"; sourceTree = "<group>"; };
		04B51CDA1B0CDDAA0050BD2C /* NSFileManager+SJFileManager.h */ = {isa = PBXFileReference; fileEncoding = 4; lastKnownFileType = sourcecode.c.h; path = "NSFileManager+SJFileManager.h"; sourceTree = "<group>"; };
		04B51CDB1B0CDDAA0050BD2C /* NSFileManager+SJFileManager.m */ = {isa = PBXFileReference; fileEncoding = 4; lastKnownFileType = sourcecode.c.objc; path = "NSFileManager+SJFileManager.m"; sourceTree = "<group>"; };
		04B51CDC1B0CDDAA0050BD2C /* NSString+SJString.h */ = {isa = PBXFileReference; fileEncoding = 4; lastKnownFileType = sourcecode.c.h; path = "NSString+SJString.h"; sourceTree = "<group>"; };
		04B51CDD1B0CDDAA0050BD2C /* NSString+SJString.m */ = {isa = PBXFileReference; fileEncoding = 4; lastKnownFileType = sourcecode.c.objc; path = "NSString+SJString.m"; sourceTree = "<group>"; };
		04B51CDE1B0CDDAA0050BD2C /* SJBaseViewController.h */ = {isa = PBXFileReference; fileEncoding = 4; lastKnownFileType = sourcecode.c.h; path = SJBaseViewController.h; sourceTree = "<group>"; };
		04B51CDF1B0CDDAA0050BD2C /* SJBaseViewController.m */ = {isa = PBXFileReference; fileEncoding = 4; lastKnownFileType = sourcecode.c.objc; path = SJBaseViewController.m; sourceTree = "<group>"; };
		04B51CE01B0CDDAA0050BD2C /* SJCell.h */ = {isa = PBXFileReference; fileEncoding = 4; lastKnownFileType = sourcecode.c.h; path = SJCell.h; sourceTree = "<group>"; };
		04B51CE11B0CDDAA0050BD2C /* SJCell.m */ = {isa = PBXFileReference; fileEncoding = 4; lastKnownFileType = sourcecode.c.objc; path = SJCell.m; sourceTree = "<group>"; };
		04B51CE21B0CDDAA0050BD2C /* SJFrame.h */ = {isa = PBXFileReference; fileEncoding = 4; lastKnownFileType = sourcecode.c.h; path = SJFrame.h; sourceTree = "<group>"; };
		04B51CE31B0CDDAA0050BD2C /* SJFunction.h */ = {isa = PBXFileReference; fileEncoding = 4; lastKnownFileType = sourcecode.c.h; path = SJFunction.h; sourceTree = "<group>"; };
		04B51CE41B0CDDAA0050BD2C /* SJFunction.m */ = {isa = PBXFileReference; fileEncoding = 4; lastKnownFileType = sourcecode.c.objc; path = SJFunction.m; sourceTree = "<group>"; };
		04B51CE51B0CDDAA0050BD2C /* SJImageLabel.h */ = {isa = PBXFileReference; fileEncoding = 4; lastKnownFileType = sourcecode.c.h; path = SJImageLabel.h; sourceTree = "<group>"; };
		04B51CE61B0CDDAA0050BD2C /* SJImageLabel.m */ = {isa = PBXFileReference; fileEncoding = 4; lastKnownFileType = sourcecode.c.objc; path = SJImageLabel.m; sourceTree = "<group>"; };
		04B51CE71B0CDDAA0050BD2C /* SJRegex.h */ = {isa = PBXFileReference; fileEncoding = 4; lastKnownFileType = sourcecode.c.h; path = SJRegex.h; sourceTree = "<group>"; };
		04B51CE81B0CDDAA0050BD2C /* SJRegex.m */ = {isa = PBXFileReference; fileEncoding = 4; lastKnownFileType = sourcecode.c.objc; path = SJRegex.m; sourceTree = "<group>"; };
		04B51CE91B0CDDAA0050BD2C /* SJTextField.h */ = {isa = PBXFileReference; fileEncoding = 4; lastKnownFileType = sourcecode.c.h; path = SJTextField.h; sourceTree = "<group>"; };
		04B51CEA1B0CDDAA0050BD2C /* SJTextField.m */ = {isa = PBXFileReference; fileEncoding = 4; lastKnownFileType = sourcecode.c.objc; path = SJTextField.m; sourceTree = "<group>"; };
		04B51CEB1B0CDDAA0050BD2C /* UIButton+SJButton.h */ = {isa = PBXFileReference; fileEncoding = 4; lastKnownFileType = sourcecode.c.h; path = "UIButton+SJButton.h"; sourceTree = "<group>"; };
		04B51CEC1B0CDDAA0050BD2C /* UIButton+SJButton.m */ = {isa = PBXFileReference; fileEncoding = 4; lastKnownFileType = sourcecode.c.objc; path = "UIButton+SJButton.m"; sourceTree = "<group>"; };
		04B51CED1B0CDDAA0050BD2C /* UIColor+SJColor.h */ = {isa = PBXFileReference; fileEncoding = 4; lastKnownFileType = sourcecode.c.h; path = "UIColor+SJColor.h"; sourceTree = "<group>"; };
		04B51CEE1B0CDDAA0050BD2C /* UIColor+SJColor.m */ = {isa = PBXFileReference; fileEncoding = 4; lastKnownFileType = sourcecode.c.objc; path = "UIColor+SJColor.m"; sourceTree = "<group>"; };
		04B51CEF1B0CDDAA0050BD2C /* UILabel+SJLabel.h */ = {isa = PBXFileReference; fileEncoding = 4; lastKnownFileType = sourcecode.c.h; path = "UILabel+SJLabel.h"; sourceTree = "<group>"; };
		04B51CF01B0CDDAA0050BD2C /* UILabel+SJLabel.m */ = {isa = PBXFileReference; fileEncoding = 4; lastKnownFileType = sourcecode.c.objc; path = "UILabel+SJLabel.m"; sourceTree = "<group>"; };
		04B51CF11B0CDDAA0050BD2C /* UITableView+SJTableView.h */ = {isa = PBXFileReference; fileEncoding = 4; lastKnownFileType = sourcecode.c.h; path = "UITableView+SJTableView.h"; sourceTree = "<group>"; };
		04B51CF21B0CDDAA0050BD2C /* UITableView+SJTableView.m */ = {isa = PBXFileReference; fileEncoding = 4; lastKnownFileType = sourcecode.c.objc; path = "UITableView+SJTableView.m"; sourceTree = "<group>"; };
		04B51CF31B0CDDAA0050BD2C /* UITextField+SJTextField.h */ = {isa = PBXFileReference; fileEncoding = 4; lastKnownFileType = sourcecode.c.h; path = "UITextField+SJTextField.h"; sourceTree = "<group>"; };
		04B51CF41B0CDDAA0050BD2C /* UITextField+SJTextField.m */ = {isa = PBXFileReference; fileEncoding = 4; lastKnownFileType = sourcecode.c.objc; path = "UITextField+SJTextField.m"; sourceTree = "<group>"; };
		04B51CF51B0CDDAA0050BD2C /* UITextView+SJTextView.h */ = {isa = PBXFileReference; fileEncoding = 4; lastKnownFileType = sourcecode.c.h; path = "UITextView+SJTextView.h"; sourceTree = "<group>"; };
		04B51CF61B0CDDAA0050BD2C /* UITextView+SJTextView.m */ = {isa = PBXFileReference; fileEncoding = 4; lastKnownFileType = sourcecode.c.objc; path = "UITextView+SJTextView.m"; sourceTree = "<group>"; };
		04B51CF71B0CDDAA0050BD2C /* UIView+SJView.h */ = {isa = PBXFileReference; fileEncoding = 4; lastKnownFileType = sourcecode.c.h; path = "UIView+SJView.h"; sourceTree = "<group>"; };
		04B51CF81B0CDDAA0050BD2C /* UIView+SJView.m */ = {isa = PBXFileReference; fileEncoding = 4; lastKnownFileType = sourcecode.c.objc; path = "UIView+SJView.m"; sourceTree = "<group>"; };
		04B51CF91B0CDDAA0050BD2C /* UIViewController+SJViewController.h */ = {isa = PBXFileReference; fileEncoding = 4; lastKnownFileType = sourcecode.c.h; path = "UIViewController+SJViewController.h"; sourceTree = "<group>"; };
		04B51CFA1B0CDDAA0050BD2C /* UIViewController+SJViewController.m */ = {isa = PBXFileReference; fileEncoding = 4; lastKnownFileType = sourcecode.c.objc; path = "UIViewController+SJViewController.m"; sourceTree = "<group>"; };
		04B51D0D1B0CDE140050BD2C /* PrefixHeader.pch */ = {isa = PBXFileReference; lastKnownFileType = sourcecode.c.h; path = PrefixHeader.pch; sourceTree = "<group>"; };
		04B51D0E1B0CDF660050BD2C /* SJIndexView.h */ = {isa = PBXFileReference; fileEncoding = 4; lastKnownFileType = sourcecode.c.h; path = SJIndexView.h; sourceTree = "<group>"; };
		04B51D0F1B0CDF660050BD2C /* SJIndexView.m */ = {isa = PBXFileReference; fileEncoding = 4; lastKnownFileType = sourcecode.c.objc; path = SJIndexView.m; sourceTree = "<group>"; };
		04B51D111B0CE1990050BD2C /* SJGameViewController.h */ = {isa = PBXFileReference; fileEncoding = 4; lastKnownFileType = sourcecode.c.h; path = SJGameViewController.h; sourceTree = "<group>"; };
		04B51D121B0CE1990050BD2C /* SJGameViewController.m */ = {isa = PBXFileReference; fileEncoding = 4; lastKnownFileType = sourcecode.c.objc; path = SJGameViewController.m; sourceTree = "<group>"; };
		04B51D141B0CE1AC0050BD2C /* SJGameView.h */ = {isa = PBXFileReference; fileEncoding = 4; lastKnownFileType = sourcecode.c.h; path = SJGameView.h; sourceTree = "<group>"; };
		04B51D151B0CE1AC0050BD2C /* SJGameView.m */ = {isa = PBXFileReference; fileEncoding = 4; lastKnownFileType = sourcecode.c.objc; path = SJGameView.m; sourceTree = "<group>"; };
/* End PBXFileReference section */

/* Begin PBXFrameworksBuildPhase section */
		04B51C331B0CDAAC0050BD2C /* Frameworks */ = {
			isa = PBXFrameworksBuildPhase;
			buildActionMask = 2147483647;
			files = (
			);
			runOnlyForDeploymentPostprocessing = 0;
		};
		04B51C4F1B0CDAAC0050BD2C /* Frameworks */ = {
			isa = PBXFrameworksBuildPhase;
			buildActionMask = 2147483647;
			files = (
			);
			runOnlyForDeploymentPostprocessing = 0;
		};
/* End PBXFrameworksBuildPhase section */

/* Begin PBXGroup section */
		04B51C2D1B0CDAAC0050BD2C = {
			isa = PBXGroup;
			children = (
				04B51C381B0CDAAC0050BD2C /* EscapeIt */,
				04B51C551B0CDAAC0050BD2C /* EscapeItTests */,
				04B51C371B0CDAAC0050BD2C /* Products */,
			);
			sourceTree = "<group>";
		};
		04B51C371B0CDAAC0050BD2C /* Products */ = {
			isa = PBXGroup;
			children = (
				04B51C361B0CDAAC0050BD2C /* EscapeIt.app */,
				04B51C521B0CDAAC0050BD2C /* EscapeItTests.xctest */,
			);
			name = Products;
			sourceTree = "<group>";
		};
		04B51C381B0CDAAC0050BD2C /* EscapeIt */ = {
			isa = PBXGroup;
			children = (
				04B51CD41B0CDDAA0050BD2C /* SJFrame */,
				04B51C3D1B0CDAAC0050BD2C /* AppDelegate.h */,
				04B51C3E1B0CDAAC0050BD2C /* AppDelegate.m */,
				04B51C431B0CDAAC0050BD2C /* SJIndexViewController.h */,
				04B51C441B0CDAAC0050BD2C /* SJIndexViewController.m */,
				04B51D0E1B0CDF660050BD2C /* SJIndexView.h */,
				04B51D0F1B0CDF660050BD2C /* SJIndexView.m */,
				04B51D111B0CE1990050BD2C /* SJGameViewController.h */,
				04B51D121B0CE1990050BD2C /* SJGameViewController.m */,
				04B51D141B0CE1AC0050BD2C /* SJGameView.h */,
				04B51D151B0CE1AC0050BD2C /* SJGameView.m */,
				04B51C491B0CDAAC0050BD2C /* Images.xcassets */,
				04B51C4B1B0CDAAC0050BD2C /* LaunchScreen.xib */,
				04B51C401B0CDAAC0050BD2C /* EscapeIt.xcdatamodeld */,
				04B51C391B0CDAAC0050BD2C /* Supporting Files */,
			);
			path = EscapeIt;
			sourceTree = "<group>";
		};
		04B51C391B0CDAAC0050BD2C /* Supporting Files */ = {
			isa = PBXGroup;
			children = (
				04B51C3A1B0CDAAC0050BD2C /* Info.plist */,
				04B51D0D1B0CDE140050BD2C /* PrefixHeader.pch */,
				04B51C3B1B0CDAAC0050BD2C /* main.m */,
			);
			name = "Supporting Files";
			sourceTree = "<group>";
		};
		04B51C551B0CDAAC0050BD2C /* EscapeItTests */ = {
			isa = PBXGroup;
			children = (
				04B51C581B0CDAAC0050BD2C /* EscapeItTests.m */,
				04B51C561B0CDAAC0050BD2C /* Supporting Files */,
			);
			path = EscapeItTests;
			sourceTree = "<group>";
		};
		04B51C561B0CDAAC0050BD2C /* Supporting Files */ = {
			isa = PBXGroup;
			children = (
				04B51C571B0CDAAC0050BD2C /* Info.plist */,
			);
			name = "Supporting Files";
			sourceTree = "<group>";
		};
		04B51CD41B0CDDAA0050BD2C /* SJFrame */ = {
			isa = PBXGroup;
			children = (
				04B51CD51B0CDDAA0050BD2C /* config.h */,
				04B51CD61B0CDDAA0050BD2C /* NSArray+SJArray.h */,
				04B51CD71B0CDDAA0050BD2C /* NSArray+SJArray.m */,
				04B51CD81B0CDDAA0050BD2C /* NSDictionary+SJDictionary.h */,
				04B51CD91B0CDDAA0050BD2C /* NSDictionary+SJDictionary.m */,
				04B51CDA1B0CDDAA0050BD2C /* NSFileManager+SJFileManager.h */,
				04B51CDB1B0CDDAA0050BD2C /* NSFileManager+SJFileManager.m */,
				04B51CDC1B0CDDAA0050BD2C /* NSString+SJString.h */,
				04B51CDD1B0CDDAA0050BD2C /* NSString+SJString.m */,
				04B51CDE1B0CDDAA0050BD2C /* SJBaseViewController.h */,
				04B51CDF1B0CDDAA0050BD2C /* SJBaseViewController.m */,
				04B51CE01B0CDDAA0050BD2C /* SJCell.h */,
				04B51CE11B0CDDAA0050BD2C /* SJCell.m */,
				04B51CE21B0CDDAA0050BD2C /* SJFrame.h */,
				04B51CE31B0CDDAA0050BD2C /* SJFunction.h */,
				04B51CE41B0CDDAA0050BD2C /* SJFunction.m */,
				04B51CE51B0CDDAA0050BD2C /* SJImageLabel.h */,
				04B51CE61B0CDDAA0050BD2C /* SJImageLabel.m */,
				04B51CE71B0CDDAA0050BD2C /* SJRegex.h */,
				04B51CE81B0CDDAA0050BD2C /* SJRegex.m */,
				04B51CE91B0CDDAA0050BD2C /* SJTextField.h */,
				04B51CEA1B0CDDAA0050BD2C /* SJTextField.m */,
				04B51CEB1B0CDDAA0050BD2C /* UIButton+SJButton.h */,
				04B51CEC1B0CDDAA0050BD2C /* UIButton+SJButton.m */,
				04B51CED1B0CDDAA0050BD2C /* UIColor+SJColor.h */,
				04B51CEE1B0CDDAA0050BD2C /* UIColor+SJColor.m */,
				04B51CEF1B0CDDAA0050BD2C /* UILabel+SJLabel.h */,
				04B51CF01B0CDDAA0050BD2C /* UILabel+SJLabel.m */,
				04B51CF11B0CDDAA0050BD2C /* UITableView+SJTableView.h */,
				04B51CF21B0CDDAA0050BD2C /* UITableView+SJTableView.m */,
				04B51CF31B0CDDAA0050BD2C /* UITextField+SJTextField.h */,
				04B51CF41B0CDDAA0050BD2C /* UITextField+SJTextField.m */,
				04B51CF51B0CDDAA0050BD2C /* UITextView+SJTextView.h */,
				04B51CF61B0CDDAA0050BD2C /* UITextView+SJTextView.m */,
				04B51CF71B0CDDAA0050BD2C /* UIView+SJView.h */,
				04B51CF81B0CDDAA0050BD2C /* UIView+SJView.m */,
				04B51CF91B0CDDAA0050BD2C /* UIViewController+SJViewController.h */,
				04B51CFA1B0CDDAA0050BD2C /* UIViewController+SJViewController.m */,
			);
			path = SJFrame;
			sourceTree = "<group>";
		};
/* End PBXGroup section */

/* Begin PBXNativeTarget section */
		04B51C351B0CDAAC0050BD2C /* EscapeIt */ = {
			isa = PBXNativeTarget;
			buildConfigurationList = 04B51C5C1B0CDAAC0050BD2C /* Build configuration list for PBXNativeTarget "EscapeIt" */;
			buildPhases = (
				04B51C321B0CDAAC0050BD2C /* Sources */,
				04B51C331B0CDAAC0050BD2C /* Frameworks */,
				04B51C341B0CDAAC0050BD2C /* Resources */,
			);
			buildRules = (
			);
			dependencies = (
			);
			name = EscapeIt;
			productName = EscapeIt;
			productReference = 04B51C361B0CDAAC0050BD2C /* EscapeIt.app */;
			productType = "com.apple.product-type.application";
		};
		04B51C511B0CDAAC0050BD2C /* EscapeItTests */ = {
			isa = PBXNativeTarget;
			buildConfigurationList = 04B51C5F1B0CDAAC0050BD2C /* Build configuration list for PBXNativeTarget "EscapeItTests" */;
			buildPhases = (
				04B51C4E1B0CDAAC0050BD2C /* Sources */,
				04B51C4F1B0CDAAC0050BD2C /* Frameworks */,
				04B51C501B0CDAAC0050BD2C /* Resources */,
			);
			buildRules = (
			);
			dependencies = (
				04B51C541B0CDAAC0050BD2C /* PBXTargetDependency */,
			);
			name = EscapeItTests;
			productName = EscapeItTests;
			productReference = 04B51C521B0CDAAC0050BD2C /* EscapeItTests.xctest */;
			productType = "com.apple.product-type.bundle.unit-test";
		};
/* End PBXNativeTarget section */

/* Begin PBXProject section */
		04B51C2E1B0CDAAC0050BD2C /* Project object */ = {
			isa = PBXProject;
			attributes = {
				CLASSPREFIX = SJ;
				LastUpgradeCheck = 0620;
				ORGANIZATIONNAME = "陈少杰";
				TargetAttributes = {
					04B51C351B0CDAAC0050BD2C = {
						CreatedOnToolsVersion = 6.2;
					};
					04B51C511B0CDAAC0050BD2C = {
						CreatedOnToolsVersion = 6.2;
						TestTargetID = 04B51C351B0CDAAC0050BD2C;
					};
				};
			};
			buildConfigurationList = 04B51C311B0CDAAC0050BD2C /* Build configuration list for PBXProject "EscapeIt" */;
			compatibilityVersion = "Xcode 3.2";
			developmentRegion = English;
			hasScannedForEncodings = 0;
			knownRegions = (
				en,
				Base,
			);
			mainGroup = 04B51C2D1B0CDAAC0050BD2C;
			productRefGroup = 04B51C371B0CDAAC0050BD2C /* Products */;
			projectDirPath = "";
			projectRoot = "";
			targets = (
				04B51C351B0CDAAC0050BD2C /* EscapeIt */,
				04B51C511B0CDAAC0050BD2C /* EscapeItTests */,
			);
		};
/* End PBXProject section */

/* Begin PBXResourcesBuildPhase section */
		04B51C341B0CDAAC0050BD2C /* Resources */ = {
			isa = PBXResourcesBuildPhase;
			buildActionMask = 2147483647;
			files = (
				04B51C4D1B0CDAAC0050BD2C /* LaunchScreen.xib in Resources */,
				04B51C4A1B0CDAAC0050BD2C /* Images.xcassets in Resources */,
			);
			runOnlyForDeploymentPostprocessing = 0;
		};
		04B51C501B0CDAAC0050BD2C /* Resources */ = {
			isa = PBXResourcesBuildPhase;
			buildActionMask = 2147483647;
			files = (
			);
			runOnlyForDeploymentPostprocessing = 0;
		};
/* End PBXResourcesBuildPhase section */

/* Begin PBXSourcesBuildPhase section */
		04B51C321B0CDAAC0050BD2C /* Sources */ = {
			isa = PBXSourcesBuildPhase;
			buildActionMask = 2147483647;
			files = (
				04B51D0B1B0CDDAA0050BD2C /* UIView+SJView.m in Sources */,
				04B51D0A1B0CDDAA0050BD2C /* UITextView+SJTextView.m in Sources */,
				04B51D161B0CE1AC0050BD2C /* SJGameView.m in Sources */,
				04B51D061B0CDDAA0050BD2C /* UIColor+SJColor.m in Sources */,
				04B51D041B0CDDAA0050BD2C /* SJTextField.m in Sources */,
				04B51D101B0CDF660050BD2C /* SJIndexView.m in Sources */,
				04B51CFD1B0CDDAA0050BD2C /* NSFileManager+SJFileManager.m in Sources */,
				04B51D051B0CDDAA0050BD2C /* UIButton+SJButton.m in Sources */,
				04B51D131B0CE1990050BD2C /* SJGameViewController.m in Sources */,
				04B51CFB1B0CDDAA0050BD2C /* NSArray+SJArray.m in Sources */,
				04B51C421B0CDAAC0050BD2C /* EscapeIt.xcdatamodeld in Sources */,
				04B51D031B0CDDAA0050BD2C /* SJRegex.m in Sources */,
				04B51C3F1B0CDAAC0050BD2C /* AppDelegate.m in Sources */,
				04B51D0C1B0CDDAA0050BD2C /* UIViewController+SJViewController.m in Sources */,
				04B51C451B0CDAAC0050BD2C /* SJIndexViewController.m in Sources */,
				04B51D021B0CDDAA0050BD2C /* SJImageLabel.m in Sources */,
				04B51CFF1B0CDDAA0050BD2C /* SJBaseViewController.m in Sources */,
				04B51CFE1B0CDDAA0050BD2C /* NSString+SJString.m in Sources */,
				04B51D071B0CDDAA0050BD2C /* UILabel+SJLabel.m in Sources */,
				04B51C3C1B0CDAAC0050BD2C /* main.m in Sources */,
				04B51D001B0CDDAA0050BD2C /* SJCell.m in Sources */,
				04B51CFC1B0CDDAA0050BD2C /* NSDictionary+SJDictionary.m in Sources */,
				04B51D091B0CDDAA0050BD2C /* UITextField+SJTextField.m in Sources */,
				04B51D081B0CDDAA0050BD2C /* UITableView+SJTableView.m in Sources */,
				04B51D011B0CDDAA0050BD2C /* SJFunction.m in Sources */,
			);
			runOnlyForDeploymentPostprocessing = 0;
		};
		04B51C4E1B0CDAAC0050BD2C /* Sources */ = {
			isa = PBXSourcesBuildPhase;
			buildActionMask = 2147483647;
			files = (
				04B51C591B0CDAAC0050BD2C /* EscapeItTests.m in Sources */,
			);
			runOnlyForDeploymentPostprocessing = 0;
		};
/* End PBXSourcesBuildPhase section */

/* Begin PBXTargetDependency section */
		04B51C541B0CDAAC0050BD2C /* PBXTargetDependency */ = {
			isa = PBXTargetDependency;
			target = 04B51C351B0CDAAC0050BD2C /* EscapeIt */;
			targetProxy = 04B51C531B0CDAAC0050BD2C /* PBXContainerItemProxy */;
		};
/* End PBXTargetDependency section */

/* Begin PBXVariantGroup section */
		04B51C4B1B0CDAAC0050BD2C /* LaunchScreen.xib */ = {
			isa = PBXVariantGroup;
			children = (
				04B51C4C1B0CDAAC0050BD2C /* Base */,
			);
			name = LaunchScreen.xib;
			sourceTree = "<group>";
		};
/* End PBXVariantGroup section */

/* Begin XCBuildConfiguration section */
		04B51C5A1B0CDAAC0050BD2C /* Debug */ = {
			isa = XCBuildConfiguration;
			buildSettings = {
				ALWAYS_SEARCH_USER_PATHS = NO;
				CLANG_CXX_LANGUAGE_STANDARD = "gnu++0x";
				CLANG_CXX_LIBRARY = "libc++";
				CLANG_ENABLE_MODULES = YES;
				CLANG_ENABLE_OBJC_ARC = YES;
				CLANG_WARN_BOOL_CONVERSION = YES;
				CLANG_WARN_CONSTANT_CONVERSION = YES;
				CLANG_WARN_DIRECT_OBJC_ISA_USAGE = YES_ERROR;
				CLANG_WARN_EMPTY_BODY = YES;
				CLANG_WARN_ENUM_CONVERSION = YES;
				CLANG_WARN_INT_CONVERSION = YES;
				CLANG_WARN_OBJC_ROOT_CLASS = YES_ERROR;
				CLANG_WARN_UNREACHABLE_CODE = YES;
				CLANG_WARN__DUPLICATE_METHOD_MATCH = YES;
				"CODE_SIGN_IDENTITY[sdk=iphoneos*]" = "iPhone Developer";
				COPY_PHASE_STRIP = NO;
				ENABLE_STRICT_OBJC_MSGSEND = YES;
				GCC_C_LANGUAGE_STANDARD = gnu99;
				GCC_DYNAMIC_NO_PIC = NO;
				GCC_OPTIMIZATION_LEVEL = 0;
				GCC_PREPROCESSOR_DEFINITIONS = (
					"DEBUG=1",
					"$(inherited)",
				);
				GCC_SYMBOLS_PRIVATE_EXTERN = NO;
				GCC_WARN_64_TO_32_BIT_CONVERSION = YES;
				GCC_WARN_ABOUT_RETURN_TYPE = YES_ERROR;
				GCC_WARN_UNDECLARED_SELECTOR = YES;
				GCC_WARN_UNINITIALIZED_AUTOS = YES_AGGRESSIVE;
				GCC_WARN_UNUSED_FUNCTION = YES;
				GCC_WARN_UNUSED_VARIABLE = YES;
				IPHONEOS_DEPLOYMENT_TARGET = 8.2;
				MTL_ENABLE_DEBUG_INFO = YES;
				ONLY_ACTIVE_ARCH = YES;
				SDKROOT = iphoneos;
				TARGETED_DEVICE_FAMILY = "1,2";
			};
			name = Debug;
		};
		04B51C5B1B0CDAAC0050BD2C /* Release */ = {
			isa = XCBuildConfiguration;
			buildSettings = {
				ALWAYS_SEARCH_USER_PATHS = NO;
				CLANG_CXX_LANGUAGE_STANDARD = "gnu++0x";
				CLANG_CXX_LIBRARY = "libc++";
				CLANG_ENABLE_MODULES = YES;
				CLANG_ENABLE_OBJC_ARC = YES;
				CLANG_WARN_BOOL_CONVERSION = YES;
				CLANG_WARN_CONSTANT_CONVERSION = YES;
				CLANG_WARN_DIRECT_OBJC_ISA_USAGE = YES_ERROR;
				CLANG_WARN_EMPTY_BODY = YES;
				CLANG_WARN_ENUM_CONVERSION = YES;
				CLANG_WARN_INT_CONVERSION = YES;
				CLANG_WARN_OBJC_ROOT_CLASS = YES_ERROR;
				CLANG_WARN_UNREACHABLE_CODE = YES;
				CLANG_WARN__DUPLICATE_METHOD_MATCH = YES;
				"CODE_SIGN_IDENTITY[sdk=iphoneos*]" = "iPhone Developer";
				COPY_PHASE_STRIP = NO;
				ENABLE_NS_ASSERTIONS = NO;
				ENABLE_STRICT_OBJC_MSGSEND = YES;
				GCC_C_LANGUAGE_STANDARD = gnu99;
				GCC_WARN_64_TO_32_BIT_CONVERSION = YES;
				GCC_WARN_ABOUT_RETURN_TYPE = YES_ERROR;
				GCC_WARN_UNDECLARED_SELECTOR = YES;
				GCC_WARN_UNINITIALIZED_AUTOS = YES_AGGRESSIVE;
				GCC_WARN_UNUSED_FUNCTION = YES;
				GCC_WARN_UNUSED_VARIABLE = YES;
				IPHONEOS_DEPLOYMENT_TARGET = 8.2;
				MTL_ENABLE_DEBUG_INFO = NO;
				SDKROOT = iphoneos;
				TARGETED_DEVICE_FAMILY = "1,2";
				VALIDATE_PRODUCT = YES;
			};
			name = Release;
		};
		04B51C5D1B0CDAAC0050BD2C /* Debug */ = {
			isa = XCBuildConfiguration;
			buildSettings = {
				ASSETCATALOG_COMPILER_APPICON_NAME = AppIcon;
				GCC_PREFIX_HEADER = /Users/JACK/Desktop/project/EscapeIt/EscapeIt/PrefixHeader.pch;
				INFOPLIST_FILE = EscapeIt/Info.plist;
				LD_RUNPATH_SEARCH_PATHS = "$(inherited) @executable_path/Frameworks";
				PRODUCT_NAME = "$(TARGET_NAME)";
			};
			name = Debug;
		};
		04B51C5E1B0CDAAC0050BD2C /* Release */ = {
			isa = XCBuildConfiguration;
			buildSettings = {
				ASSETCATALOG_COMPILER_APPICON_NAME = AppIcon;
				GCC_PREFIX_HEADER = /Users/JACK/Desktop/project/EscapeIt/EscapeIt/PrefixHeader.pch;
				INFOPLIST_FILE = EscapeIt/Info.plist;
				LD_RUNPATH_SEARCH_PATHS = "$(inherited) @executable_path/Frameworks";
				PRODUCT_NAME = "$(TARGET_NAME)";
			};
			name = Release;
		};
		04B51C601B0CDAAC0050BD2C /* Debug */ = {
			isa = XCBuildConfiguration;
			buildSettings = {
				BUNDLE_LOADER = "$(TEST_HOST)";
				FRAMEWORK_SEARCH_PATHS = (
					"$(SDKROOT)/Developer/Library/Frameworks",
					"$(inherited)",
				);
				GCC_PREPROCESSOR_DEFINITIONS = (
					"DEBUG=1",
					"$(inherited)",
				);
				INFOPLIST_FILE = EscapeItTests/Info.plist;
				LD_RUNPATH_SEARCH_PATHS = "$(inherited) @executable_path/Frameworks @loader_path/Frameworks";
				PRODUCT_NAME = "$(TARGET_NAME)";
				TEST_HOST = "$(BUILT_PRODUCTS_DIR)/EscapeIt.app/EscapeIt";
			};
			name = Debug;
		};
		04B51C611B0CDAAC0050BD2C /* Release */ = {
			isa = XCBuildConfiguration;
			buildSettings = {
				BUNDLE_LOADER = "$(TEST_HOST)";
				FRAMEWORK_SEARCH_PATHS = (
					"$(SDKROOT)/Developer/Library/Frameworks",
					"$(inherited)",
				);
				INFOPLIST_FILE = EscapeItTests/Info.plist;
				LD_RUNPATH_SEARCH_PATHS = "$(inherited) @executable_path/Frameworks @loader_path/Frameworks";
				PRODUCT_NAME = "$(TARGET_NAME)";
				TEST_HOST = "$(BUILT_PRODUCTS_DIR)/EscapeIt.app/EscapeIt";
			};
			name = Release;
		};
/* End XCBuildConfiguration section */

/* Begin XCConfigurationList section */
		04B51C311B0CDAAC0050BD2C /* Build configuration list for PBXProject "EscapeIt" */ = {
			isa = XCConfigurationList;
			buildConfigurations = (
				04B51C5A1B0CDAAC0050BD2C /* Debug */,
				04B51C5B1B0CDAAC0050BD2C /* Release */,
			);
			defaultConfigurationIsVisible = 0;
			defaultConfigurationName = Release;
		};
		04B51C5C1B0CDAAC0050BD2C /* Build configuration list for PBXNativeTarget "EscapeIt" */ = {
			isa = XCConfigurationList;
			buildConfigurations = (
				04B51C5D1B0CDAAC0050BD2C /* Debug */,
				04B51C5E1B0CDAAC0050BD2C /* Release */,
			);
			defaultConfigurationIsVisible = 0;
			defaultConfigurationName = Release;
		};
		04B51C5F1B0CDAAC0050BD2C /* Build configuration list for PBXNativeTarget "EscapeItTests" */ = {
			isa = XCConfigurationList;
			buildConfigurations = (
				04B51C601B0CDAAC0050BD2C /* Debug */,
				04B51C611B0CDAAC0050BD2C /* Release */,
			);
			defaultConfigurationIsVisible = 0;
			defaultConfigurationName = Release;
		};
/* End XCConfigurationList section */

/* Begin XCVersionGroup section */
		04B51C401B0CDAAC0050BD2C /* EscapeIt.xcdatamodeld */ = {
			isa = XCVersionGroup;
			children = (
				04B51C411B0CDAAC0050BD2C /* EscapeIt.xcdatamodel */,
			);
			currentVersion = 04B51C411B0CDAAC0050BD2C /* EscapeIt.xcdatamodel */;
			path = EscapeIt.xcdatamodeld;
			sourceTree = "<group>";
			versionGroupType = wrapper.xcdatamodel;
		};
/* End XCVersionGroup section */
	};
	rootObject = 04B51C2E1B0CDAAC0050BD2C /* Project object */;
}
